// !$*UTF8*$!
{
	archiveVersion = 1;
	classes = {
	};
	objectVersion = 50;
	objects = {

/* Begin PBXBuildFile section */
		9D7CBBF625E9971100473C93 /* AppDelegate.swift in Sources */ = {isa = PBXBuildFile; fileRef = 9D7CBBF525E9971100473C93 /* AppDelegate.swift */; };
		9D7CBBF825E9971100473C93 /* SceneDelegate.swift in Sources */ = {isa = PBXBuildFile; fileRef = 9D7CBBF725E9971100473C93 /* SceneDelegate.swift */; };
		9D7CBBFA25E9971100473C93 /* ViewController.swift in Sources */ = {isa = PBXBuildFile; fileRef = 9D7CBBF925E9971100473C93 /* ViewController.swift */; };
		9D7CBBFD25E9971100473C93 /* Main.storyboard in Resources */ = {isa = PBXBuildFile; fileRef = 9D7CBBFB25E9971100473C93 /* Main.storyboard */; };
		9D7CBBFF25E9971400473C93 /* Assets.xcassets in Resources */ = {isa = PBXBuildFile; fileRef = 9D7CBBFE25E9971400473C93 /* Assets.xcassets */; };
		9D7CBC0225E9971400473C93 /* LaunchScreen.storyboard in Resources */ = {isa = PBXBuildFile; fileRef = 9D7CBC0025E9971400473C93 /* LaunchScreen.storyboard */; };
		9D7DF16425F1BF4A007424CD /* Student.swift in Sources */ = {isa = PBXBuildFile; fileRef = 9D7DF16325F1BF4A007424CD /* Student.swift */; };
		9D7DF16C25F1C9D8007424CD /* NotasViewController.swift in Sources */ = {isa = PBXBuildFile; fileRef = 9D7DF16B25F1C9D8007424CD /* NotasViewController.swift */; };
		9D7DF16F25F1C9FB007424CD /* ResultViewController.swift in Sources */ = {isa = PBXBuildFile; fileRef = 9D7DF16E25F1C9FB007424CD /* ResultViewController.swift */; };
/* End PBXBuildFile section */

/* Begin PBXFileReference section */
		9D7CBBF225E9971100473C93 /* MediaNotas.app */ = {isa = PBXFileReference; explicitFileType = wrapper.application; includeInIndex = 0; path = MediaNotas.app; sourceTree = BUILT_PRODUCTS_DIR; };
		9D7CBBF525E9971100473C93 /* AppDelegate.swift */ = {isa = PBXFileReference; lastKnownFileType = sourcecode.swift; path = AppDelegate.swift; sourceTree = "<group>"; };
		9D7CBBF725E9971100473C93 /* SceneDelegate.swift */ = {isa = PBXFileReference; lastKnownFileType = sourcecode.swift; path = SceneDelegate.swift; sourceTree = "<group>"; };
		9D7CBBF925E9971100473C93 /* ViewController.swift */ = {isa = PBXFileReference; lastKnownFileType = sourcecode.swift; path = ViewController.swift; sourceTree = "<group>"; };
		9D7CBBFC25E9971100473C93 /* Base */ = {isa = PBXFileReference; lastKnownFileType = file.storyboard; name = Base; path = Base.lproj/Main.storyboard; sourceTree = "<group>"; };
		9D7CBBFE25E9971400473C93 /* Assets.xcassets */ = {isa = PBXFileReference; lastKnownFileType = folder.assetcatalog; path = Assets.xcassets; sourceTree = "<group>"; };
		9D7CBC0125E9971400473C93 /* Base */ = {isa = PBXFileReference; lastKnownFileType = file.storyboard; name = Base; path = Base.lproj/LaunchScreen.storyboard; sourceTree = "<group>"; };
		9D7CBC0325E9971400473C93 /* Info.plist */ = {isa = PBXFileReference; lastKnownFileType = text.plist.xml; path = Info.plist; sourceTree = "<group>"; };
		9D7DF16325F1BF4A007424CD /* Student.swift */ = {isa = PBXFileReference; lastKnownFileType = sourcecode.swift; path = Student.swift; sourceTree = "<group>"; };
		9D7DF16B25F1C9D8007424CD /* NotasViewController.swift */ = {isa = PBXFileReference; lastKnownFileType = sourcecode.swift; path = NotasViewController.swift; sourceTree = "<group>"; };
		9D7DF16E25F1C9FB007424CD /* ResultViewController.swift */ = {isa = PBXFileReference; lastKnownFileType = sourcecode.swift; path = ResultViewController.swift; sourceTree = "<group>"; };
/* End PBXFileReference section */

/* Begin PBXFrameworksBuildPhase section */
		9D7CBBEF25E9971100473C93 /* Frameworks */ = {
			isa = PBXFrameworksBuildPhase;
			buildActionMask = 2147483647;
			files = (
			);
			runOnlyForDeploymentPostprocessing = 0;
		};
/* End PBXFrameworksBuildPhase section */

/* Begin PBXGroup section */
		9D7CBBE925E9971100473C93 = {
			isa = PBXGroup;
			children = (
				9D7CBBF425E9971100473C93 /* MediaNotas */,
				9D7CBBF325E9971100473C93 /* Products */,
			);
			sourceTree = "<group>";
		};
		9D7CBBF325E9971100473C93 /* Products */ = {
			isa = PBXGroup;
			children = (
				9D7CBBF225E9971100473C93 /* MediaNotas.app */,
			);
			name = Products;
			sourceTree = "<group>";
		};
		9D7CBBF425E9971100473C93 /* MediaNotas */ = {
			isa = PBXGroup;
			children = (
				9D7DF16325F1BF4A007424CD /* Student.swift */,
				9D7CBBF525E9971100473C93 /* AppDelegate.swift */,
				9D7DF16E25F1C9FB007424CD /* ResultViewController.swift */,
				9D7CBBF725E9971100473C93 /* SceneDelegate.swift */,
				9D7CBBF925E9971100473C93 /* ViewController.swift */,
				9D7CBBFB25E9971100473C93 /* Main.storyboard */,
				9D7DF16B25F1C9D8007424CD /* NotasViewController.swift */,
				9D7CBBFE25E9971400473C93 /* Assets.xcassets */,
				9D7CBC0025E9971400473C93 /* LaunchScreen.storyboard */,
				9D7CBC0325E9971400473C93 /* Info.plist */,
			);
			path = MediaNotas;
			sourceTree = "<group>";
		};
/* End PBXGroup section */

/* Begin PBXNativeTarget section */
		9D7CBBF125E9971100473C93 /* MediaNotas */ = {
			isa = PBXNativeTarget;
			buildConfigurationList = 9D7CBC0625E9971400473C93 /* Build configuration list for PBXNativeTarget "MediaNotas" */;
			buildPhases = (
				9D7CBBEE25E9971100473C93 /* Sources */,
				9D7CBBEF25E9971100473C93 /* Frameworks */,
				9D7CBBF025E9971100473C93 /* Resources */,
			);
			buildRules = (
			);
			dependencies = (
			);
			name = MediaNotas;
			productName = MediaNotas;
			productReference = 9D7CBBF225E9971100473C93 /* MediaNotas.app */;
			productType = "com.apple.product-type.application";
		};
/* End PBXNativeTarget section */

/* Begin PBXProject section */
		9D7CBBEA25E9971100473C93 /* Project object */ = {
			isa = PBXProject;
			attributes = {
				LastSwiftUpdateCheck = 1240;
				LastUpgradeCheck = 1240;
				TargetAttributes = {
					9D7CBBF125E9971100473C93 = {
						CreatedOnToolsVersion = 12.4;
					};
				};
			};
			buildConfigurationList = 9D7CBBED25E9971100473C93 /* Build configuration list for PBXProject "MediaNotas" */;
			compatibilityVersion = "Xcode 9.3";
			developmentRegion = en;
			hasScannedForEncodings = 0;
			knownRegions = (
				en,
				Base,
			);
			mainGroup = 9D7CBBE925E9971100473C93;
			productRefGroup = 9D7CBBF325E9971100473C93 /* Products */;
			projectDirPath = "";
			projectRoot = "";
			targets = (
				9D7CBBF125E9971100473C93 /* MediaNotas */,
			);
		};
/* End PBXProject section */

/* Begin PBXResourcesBuildPhase section */
		9D7CBBF025E9971100473C93 /* Resources */ = {
			isa = PBXResourcesBuildPhase;
			buildActionMask = 2147483647;
			files = (
				9D7CBC0225E9971400473C93 /* LaunchScreen.storyboard in Resources */,
				9D7CBBFF25E9971400473C93 /* Assets.xcassets in Resources */,
				9D7CBBFD25E9971100473C93 /* Main.storyboard in Resources */,
			);
			runOnlyForDeploymentPostprocessing = 0;
		};
/* End PBXResourcesBuildPhase section */

/* Begin PBXSourcesBuildPhase section */
		9D7CBBEE25E9971100473C93 /* Sources */ = {
			isa = PBXSourcesBuildPhase;
			buildActionMask = 2147483647;
			files = (
				9D7DF16C25F1C9D8007424CD /* NotasViewController.swift in Sources */,
				9D7CBBFA25E9971100473C93 /* ViewController.swift in Sources */,
				9D7CBBF625E9971100473C93 /* AppDelegate.swift in Sources */,
				9D7CBBF825E9971100473C93 /* SceneDelegate.swift in Sources */,
				9D7DF16425F1BF4A007424CD /* Student.swift in Sources */,
				9D7DF16F25F1C9FB007424CD /* ResultViewController.swift in Sources */,
			);
			runOnlyForDeploymentPostprocessing = 0;
		};
/* End PBXSourcesBuildPhase section */

/* Begin PBXVariantGroup section */
		9D7CBBFB25E9971100473C93 /* Main.storyboard */ = {
			isa = PBXVariantGroup;
			children = (
				9D7CBBFC25E9971100473C93 /* Base */,
			);
			name = Main.storyboard;
			sourceTree = "<group>";
		};
		9D7CBC0025E9971400473C93 /* LaunchScreen.storyboard */ = {
			isa = PBXVariantGroup;
			children = (
				9D7CBC0125E9971400473C93 /* Base */,
			);
			name = LaunchScreen.storyboard;
			sourceTree = "<group>";
		};
/* End PBXVariantGroup section */

/* Begin XCBuildConfiguration section */
		9D7CBC0425E9971400473C93 /* Debug */ = {
			isa = XCBuildConfiguration;
			buildSettings = {
				ALWAYS_SEARCH_USER_PATHS = NO;
				CLANG_ANALYZER_NONNULL = YES;
				CLANG_ANALYZER_NUMBER_OBJECT_CONVERSION = YES_AGGRESSIVE;
				CLANG_CXX_LANGUAGE_STANDARD = "gnu++14";
				CLANG_CXX_LIBRARY = "libc++";
				CLANG_ENABLE_MODULES = YES;
				CLANG_ENABLE_OBJC_ARC = YES;
				CLANG_ENABLE_OBJC_WEAK = YES;
				CLANG_WARN_BLOCK_CAPTURE_AUTORELEASING = YES;
				CLANG_WARN_BOOL_CONVERSION = YES;
				CLANG_WARN_COMMA = YES;
				CLANG_WARN_CONSTANT_CONVERSION = YES;
				CLANG_WARN_DEPRECATED_OBJC_IMPLEMENTATIONS = YES;
				CLANG_WARN_DIRECT_OBJC_ISA_USAGE = YES_ERROR;
				CLANG_WARN_DOCUMENTATION_COMMENTS = YES;
				CLANG_WARN_EMPTY_BODY = YES;
				CLANG_WARN_ENUM_CONVERSION = YES;
				CLANG_WARN_INFINITE_RECURSION = YES;
				CLANG_WARN_INT_CONVERSION = YES;
				CLANG_WARN_NON_LITERAL_NULL_CONVERSION = YES;
				CLANG_WARN_OBJC_IMPLICIT_RETAIN_SELF = YES;
				CLANG_WARN_OBJC_LITERAL_CONVERSION = YES;
				CLANG_WARN_OBJC_ROOT_CLASS = YES_ERROR;
				CLANG_WARN_QUOTED_INCLUDE_IN_FRAMEWORK_HEADER = YES;
				CLANG_WARN_RANGE_LOOP_ANALYSIS = YES;
				CLANG_WARN_STRICT_PROTOTYPES = YES;
				CLANG_WARN_SUSPICIOUS_MOVE = YES;
				CLANG_WARN_UNGUARDED_AVAILABILITY = YES_AGGRESSIVE;
				CLANG_WARN_UNREACHABLE_CODE = YES;
				CLANG_WARN__DUPLICATE_METHOD_MATCH = YES;
				COPY_PHASE_STRIP = NO;
				DEBUG_INFORMATION_FORMAT = dwarf;
				ENABLE_STRICT_OBJC_MSGSEND = YES;
				ENABLE_TESTABILITY = YES;
				GCC_C_LANGUAGE_STANDARD = gnu11;
				GCC_DYNAMIC_NO_PIC = NO;
				GCC_NO_COMMON_BLOCKS = YES;
				GCC_OPTIMIZATION_LEVEL = 0;
				GCC_PREPROCESSOR_DEFINITIONS = (
					"DEBUG=1",
					"$(inherited)",
				);
				GCC_WARN_64_TO_32_BIT_CONVERSION = YES;
				GCC_WARN_ABOUT_RETURN_TYPE = YES_ERROR;
				GCC_WARN_UNDECLARED_SELECTOR = YES;
				GCC_WARN_UNINITIALIZED_AUTOS = YES_AGGRESSIVE;
				GCC_WARN_UNUSED_FUNCTION = YES;
				GCC_WARN_UNUSED_VARIABLE = YES;
				IPHONEOS_DEPLOYMENT_TARGET = 14.4;
				MTL_ENABLE_DEBUG_INFO = INCLUDE_SOURCE;
				MTL_FAST_MATH = YES;
				ONLY_ACTIVE_ARCH = YES;
				SDKROOT = iphoneos;
				SWIFT_ACTIVE_COMPILATION_CONDITIONS = DEBUG;
				SWIFT_OPTIMIZATION_LEVEL = "-Onone";
			};
			name = Debug;
		};
		9D7CBC0525E9971400473C93 /* Release */ = {
			isa = XCBuildConfiguration;
			buildSettings = {
				ALWAYS_SEARCH_USER_PATHS = NO;
				CLANG_ANALYZER_NONNULL = YES;
				CLANG_ANALYZER_NUMBER_OBJECT_CONVERSION = YES_AGGRESSIVE;
				CLANG_CXX_LANGUAGE_STANDARD = "gnu++14";
				CLANG_CXX_LIBRARY = "libc++";
				CLANG_ENABLE_MODULES = YES;
				CLANG_ENABLE_OBJC_ARC = YES;
				CLANG_ENABLE_OBJC_WEAK = YES;
				CLANG_WARN_BLOCK_CAPTURE_AUTORELEASING = YES;
				CLANG_WARN_BOOL_CONVERSION = YES;
				CLANG_WARN_COMMA = YES;
				CLANG_WARN_CONSTANT_CONVERSION = YES;
				CLANG_WARN_DEPRECATED_OBJC_IMPLEMENTATIONS = YES;
				CLANG_WARN_DIRECT_OBJC_ISA_USAGE = YES_ERROR;
				CLANG_WARN_DOCUMENTATION_COMMENTS = YES;
				CLANG_WARN_EMPTY_BODY = YES;
				CLANG_WARN_ENUM_CONVERSION = YES;
				CLANG_WARN_INFINITE_RECURSION = YES;
				CLANG_WARN_INT_CONVERSION = YES;
				CLANG_WARN_NON_LITERAL_NULL_CONVERSION = YES;
				CLANG_WARN_OBJC_IMPLICIT_RETAIN_SELF = YES;
				CLANG_WARN_OBJC_LITERAL_CONVERSION = YES;
				CLANG_WARN_OBJC_ROOT_CLASS = YES_ERROR;
				CLANG_WARN_QUOTED_INCLUDE_IN_FRAMEWORK_HEADER = YES;
				CLANG_WARN_RANGE_LOOP_ANALYSIS = YES;
				CLANG_WARN_STRICT_PROTOTYPES = YES;
				CLANG_WARN_SUSPICIOUS_MOVE = YES;
				CLANG_WARN_UNGUARDED_AVAILABILITY = YES_AGGRESSIVE;
				CLANG_WARN_UNREACHABLE_CODE = YES;
				CLANG_WARN__DUPLICATE_METHOD_MATCH = YES;
				COPY_PHASE_STRIP = NO;
				DEBUG_INFORMATION_FORMAT = "dwarf-with-dsym";
				ENABLE_NS_ASSERTIONS = NO;
				ENABLE_STRICT_OBJC_MSGSEND = YES;
				GCC_C_LANGUAGE_STANDARD = gnu11;
				GCC_NO_COMMON_BLOCKS = YES;
				GCC_WARN_64_TO_32_BIT_CONVERSION = YES;
				GCC_WARN_ABOUT_RETURN_TYPE = YES_ERROR;
				GCC_WARN_UNDECLARED_SELECTOR = YES;
				GCC_WARN_UNINITIALIZED_AUTOS = YES_AGGRESSIVE;
				GCC_WARN_UNUSED_FUNCTION = YES;
				GCC_WARN_UNUSED_VARIABLE = YES;
				IPHONEOS_DEPLOYMENT_TARGET = 14.4;
				MTL_ENABLE_DEBUG_INFO = NO;
				MTL_FAST_MATH = YES;
				SDKROOT = iphoneos;
				SWIFT_COMPILATION_MODE = wholemodule;
				SWIFT_OPTIMIZATION_LEVEL = "-O";
				VALIDATE_PRODUCT = YES;
			};
			name = Release;
		};
		9D7CBC0725E9971400473C93 /* Debug */ = {
			isa = XCBuildConfiguration;
			buildSettings = {
				ASSETCATALOG_COMPILER_APPICON_NAME = AppIcon;
				ASSETCATALOG_COMPILER_GLOBAL_ACCENT_COLOR_NAME = AccentColor;
				CODE_SIGN_STYLE = Automatic;
				INFOPLIST_FILE = MediaNotas/Info.plist;
				LD_RUNPATH_SEARCH_PATHS = (
					"$(inherited)",
					"@executable_path/Frameworks",
				);
				PRODUCT_BUNDLE_IDENTIFIER = RafaelHartmann.MediaNotas;
				PRODUCT_NAME = "$(TARGET_NAME)";
				SWIFT_VERSION = 5.0;
				TARGETED_DEVICE_FAMILY = "1,2";
			};
			name = Debug;
		};
		9D7CBC0825E9971400473C93 /* Release */ = {
			isa = XCBuildConfiguration;
			buildSettings = {
				ASSETCATALOG_COMPILER_APPICON_NAME = AppIcon;
				ASSETCATALOG_COMPILER_GLOBAL_ACCENT_COLOR_NAME = AccentColor;
				CODE_SIGN_STYLE = Automatic;
				INFOPLIST_FILE = MediaNotas/Info.plist;
				LD_RUNPATH_SEARCH_PATHS = (
					"$(inherited)",
					"@executable_path/Frameworks",
				);
				PRODUCT_BUNDLE_IDENTIFIER = RafaelHartmann.MediaNotas;
				PRODUCT_NAME = "$(TARGET_NAME)";
				SWIFT_VERSION = 5.0;
				TARGETED_DEVICE_FAMILY = "1,2";
			};
			name = Release;
		};
/* End XCBuildConfiguration section */

/* Begin XCConfigurationList section */
		9D7CBBED25E9971100473C93 /* Build configuration list for PBXProject "MediaNotas" */ = {
			isa = XCConfigurationList;
			buildConfigurations = (
				9D7CBC0425E9971400473C93 /* Debug */,
				9D7CBC0525E9971400473C93 /* Release */,
			);
			defaultConfigurationIsVisible = 0;
			defaultConfigurationName = Release;
		};
		9D7CBC0625E9971400473C93 /* Build configuration list for PBXNativeTarget "MediaNotas" */ = {
			isa = XCConfigurationList;
			buildConfigurations = (
				9D7CBC0725E9971400473C93 /* Debug */,
				9D7CBC0825E9971400473C93 /* Release */,
			);
			defaultConfigurationIsVisible = 0;
			defaultConfigurationName = Release;
		};
/* End XCConfigurationList section */
	};
	rootObject = 9D7CBBEA25E9971100473C93 /* Project object */;
}
